version = 1
revision = 3
requires-python = ">=3.14"
resolution-markers = [
    "sys_platform == 'win32'",
    "sys_platform == 'emscripten'",
    "sys_platform != 'emscripten' and sys_platform != 'win32'",
]

[[package]]
name = "bpsentry"
version = "0.1.0"
source = { virtual = "." }
dependencies = [
    { name = "dotenv" },
    { name = "fastparquet" },
    { name = "logging" },
    { name = "pandas" },
    { name = "psycopg2" },
    { name = "sqlalchemy" },
    { name = "xlrd" },
]

[package.metadata]
requires-dist = [
    { name = "dotenv", specifier = ">=0.9.9" },
    { name = "fastparquet", specifier = ">=2025.12.0" },
    { name = "logging", specifier = ">=0.4.9.6" },
    { name = "pandas", specifier = ">=3.0.1" },
    { name = "psycopg2", specifier = ">=2.9.11" },
    { name = "sqlalchemy", specifier = ">=2.0.48" },
    { name = "xlrd", specifier = ">=2.0.2" },
]

[[package]]
name = "cramjam"
version = "2.11.0"
source = { registry = "https://pypi.org/simple" }
sdist = { url = "https://files.pythonhosted.org/packages/14/12/34bf6e840a79130dfd0da7badfb6f7810b8fcfd60e75b0539372667b41b6/cramjam-2.11.0.tar.gz", hash = "sha256:5c82500ed91605c2d9781380b378397012e25127e89d64f460fea6aeac4389b4", size = 99100, upload-time = "2025-07-27T21:25:07.559Z" }
wheels = [
    { url = "https://files.pythonhosted.org/packages/de/07/a1051cdbbe6d723df16d756b97f09da7c1adb69e29695c58f0392bc12515/cramjam-2.11.0-cp314-cp314-macosx_10_12_x86_64.macosx_11_0_arm64.macosx_10_12_universal2.whl", hash = "sha256:7ba5e38c9fbd06f086f4a5a64a1a5b7b417cd3f8fc07a20e5c03651f72f36100", size = 3554141, upload-time = "2025-07-27T21:23:17.938Z" },
    { url = "https://files.pythonhosted.org/packages/74/66/58487d2e16ef3d04f51a7c7f0e69823e806744b4c21101e89da4873074bc/cramjam-2.11.0-cp314-cp314-macosx_10_12_x86_64.whl", hash = "sha256:b8adeee57b41fe08e4520698a4b0bd3cc76dbd81f99424b806d70a5256a391d3", size = 1860353, upload-time = "2025-07-27T21:23:19.593Z" },
    { url = "https://files.pythonhosted.org/packages/67/b4/67f6254d166ffbcc9d5fa1b56876eaa920c32ebc8e9d3d525b27296b693b/cramjam-2.11.0-cp314-cp314-macosx_11_0_arm64.whl", hash = "sha256:b96a74fa03a636c8a7d76f700d50e9a8bc17a516d6a72d28711225d641e30968", size = 1693832, upload-time = "2025-07-27T21:23:21.185Z" },
    { url = "https://files.pythonhosted.org/packages/55/a3/4e0b31c0d454ae70c04684ed7c13d3c67b4c31790c278c1e788cb804fa4a/cramjam-2.11.0-cp314-cp314-manylinux_2_12_i686.manylinux2010_i686.whl", hash = "sha256:c3811a56fa32e00b377ef79121c0193311fd7501f0fb378f254c7f083cc1fbe0", size = 2027080, upload-time = "2025-07-27T21:23:23.303Z" },
    { url = "https://files.pythonhosted.org/packages/d9/c7/5e8eed361d1d3b8be14f38a54852c5370cc0ceb2c2d543b8ba590c34f080/cramjam-2.11.0-cp314-cp314-manylinux_2_17_aarch64.manylinux2014_aarch64.whl", hash = "sha256:c5d927e87461f8a0d448e4ab5eb2bca9f31ca5d8ea86d70c6f470bb5bc666d7e", size = 1761543, upload-time = "2025-07-27T21:23:24.991Z" },
    { url = "https://files.pythonhosted.org/packages/09/0c/06b7f8b0ce9fde89470505116a01fc0b6cb92d406c4fb1e46f168b5d3fa5/cramjam-2.11.0-cp314-cp314-manylinux_2_17_armv7l.manylinux2014_armv7l.whl", hash = "sha256:f1f5c450121430fd89cb5767e0a9728ecc65997768fd4027d069cb0368af62f9", size = 1854636, upload-time = "2025-07-27T21:23:26.987Z" },
    { url = "https://files.pythonhosted.org/packages/6f/c6/6ebc02c9d5acdf4e5f2b1ec6e1252bd5feee25762246798ae823b3347457/cramjam-2.11.0-cp314-cp314-manylinux_2_17_ppc64le.manylinux2014_ppc64le.whl", hash = "sha256:724aa7490be50235d97f07e2ca10067927c5d7f336b786ddbc868470e822aa25", size = 2032715, upload-time = "2025-07-27T21:23:28.603Z" },
    { url = "https://files.pythonhosted.org/packages/a2/77/a122971c23f5ca4b53e4322c647ac7554626c95978f92d19419315dddd05/cramjam-2.11.0-cp314-cp314-manylinux_2_17_s390x.manylinux2014_s390x.whl", hash = "sha256:54c4637122e7cfd7aac5c1d3d4c02364f446d6923ea34cf9d0e8816d6e7a4936", size = 2069039, upload-time = "2025-07-27T21:23:30.319Z" },
    { url = "https://files.pythonhosted.org/packages/19/0f/f6121b90b86b9093c066889274d26a1de3f29969d45c2ed1ecbe2033cb78/cramjam-2.11.0-cp314-cp314-manylinux_2_17_x86_64.manylinux2014_x86_64.whl", hash = "sha256:17eb39b1696179fb471eea2de958fa21f40a2cd8bf6b40d428312d5541e19dc4", size = 1979566, upload-time = "2025-07-27T21:23:32.002Z" },
    { url = "https://files.pythonhosted.org/packages/e0/a3/f95bc57fd7f4166ce6da816cfa917fb7df4bb80e669eb459d85586498414/cramjam-2.11.0-cp314-cp314-musllinux_1_1_aarch64.whl", hash = "sha256:36aa5a798aa34e11813a80425a30d8e052d8de4a28f27bfc0368cfc454d1b403", size = 2030905, upload-time = "2025-07-27T21:23:33.696Z" },
    { url = "https://files.pythonhosted.org/packages/fc/52/e429de4e8bc86ee65e090dae0f87f45abd271742c63fb2d03c522ffde28a/cramjam-2.11.0-cp314-cp314-musllinux_1_1_armv7l.whl", hash = "sha256:449fca52774dc0199545fbf11f5128933e5a6833946707885cf7be8018017839", size = 2155592, upload-time = "2025-07-27T21:23:35.375Z" },
    { url = "https://files.pythonhosted.org/packages/6c/6c/65a7a0207787ad39ad804af4da7f06a60149de19481d73d270b540657234/cramjam-2.11.0-cp314-cp314-musllinux_1_1_i686.whl", hash = "sha256:d87d37b3d476f4f7623c56a232045d25bd9b988314702ea01bd9b4a94948a778", size = 2170839, upload-time = "2025-07-27T21:23:37.197Z" },
    { url = "https://files.pythonhosted.org/packages/b2/c5/5c5db505ba692bc844246b066e23901d5905a32baf2f33719c620e65887f/cramjam-2.11.0-cp314-cp314-musllinux_1_1_x86_64.whl", hash = "sha256:26cb45c47d71982d76282e303931c6dd4baee1753e5d48f9a89b3a63e690b3a3", size = 2157236, upload-time = "2025-07-27T21:23:38.854Z" },
    { url = "https://files.pythonhosted.org/packages/b0/22/88e6693e60afe98901e5bbe91b8dea193e3aa7f42e2770f9c3339f5c1065/cramjam-2.11.0-cp314-cp314-win32.whl", hash = "sha256:4efe919d443c2fd112fe25fe636a52f9628250c9a50d9bddb0488d8a6c09acc6", size = 1604136, upload-time = "2025-07-27T21:23:40.56Z" },
    { url = "https://files.pythonhosted.org/packages/cc/f8/01618801cd59ccedcc99f0f96d20be67d8cfc3497da9ccaaad6b481781dd/cramjam-2.11.0-cp314-cp314-win_amd64.whl", hash = "sha256:ccec3524ea41b9abd5600e3e27001fd774199dbb4f7b9cb248fcee37d4bda84c", size = 1710272, upload-time = "2025-07-27T21:23:42.236Z" },
    { url = "https://files.pythonhosted.org/packages/40/81/6cdb3ed222d13ae86bda77aafe8d50566e81a1169d49ed195b6263610704/cramjam-2.11.0-cp314-cp314t-macosx_10_12_x86_64.macosx_11_0_arm64.macosx_10_12_universal2.whl", hash = "sha256:966ac9358b23d21ecd895c418c048e806fd254e46d09b1ff0cdad2eba195ea3e", size = 3559671, upload-time = "2025-07-27T21:23:44.504Z" },
    { url = "https://files.pythonhosted.org/packages/cb/43/52b7e54fe5ba1ef0270d9fdc43dabd7971f70ea2d7179be918c997820247/cramjam-2.11.0-cp314-cp314t-macosx_10_12_x86_64.whl", hash = "sha256:387f09d647a0d38dcb4539f8a14281f8eb6bb1d3e023471eb18a5974b2121c86", size = 1867876, upload-time = "2025-07-27T21:23:46.987Z" },
    { url = "https://files.pythonhosted.org/packages/9d/28/30d5b8d10acd30db3193bc562a313bff722888eaa45cfe32aa09389f2b24/cramjam-2.11.0-cp314-cp314t-macosx_11_0_arm64.whl", hash = "sha256:665b0d8fbbb1a7f300265b43926457ec78385200133e41fef19d85790fc1e800", size = 1695562, upload-time = "2025-07-27T21:23:48.644Z" },
    { url = "https://files.pythonhosted.org/packages/d9/86/ec806f986e01b896a650655024ea52a13e25c3ac8a3a382f493089483cdc/cramjam-2.11.0-cp314-cp314t-manylinux_2_12_i686.manylinux2010_i686.whl", hash = "sha256:ca905387c7a371531b9622d93471be4d745ef715f2890c3702479cd4fc85aa51", size = 2025056, upload-time = "2025-07-27T21:23:50.404Z" },
    { url = "https://files.pythonhosted.org/packages/09/43/c2c17586b90848d29d63181f7d14b8bd3a7d00975ad46e3edf2af8af7e1f/cramjam-2.11.0-cp314-cp314t-manylinux_2_17_aarch64.manylinux2014_aarch64.whl", hash = "sha256:3c1aa56aef2c8af55a21ed39040a94a12b53fb23beea290f94d19a76027e2ffb", size = 1764084, upload-time = "2025-07-27T21:23:52.265Z" },
    { url = "https://files.pythonhosted.org/packages/2b/a9/68bc334fadb434a61df10071dc8606702aa4f5b6cdb2df62474fc21d2845/cramjam-2.11.0-cp314-cp314t-manylinux_2_17_armv7l.manylinux2014_armv7l.whl", hash = "sha256:e5db59c1cdfaa2ab85cc988e602d6919495f735ca8a5fd7603608eb1e23c26d5", size = 1854859, upload-time = "2025-07-27T21:23:54.085Z" },
    { url = "https://files.pythonhosted.org/packages/5b/4e/b48e67835b5811ec5e9cb2e2bcba9c3fd76dab3e732569fe801b542c6ca9/cramjam-2.11.0-cp314-cp314t-manylinux_2_17_ppc64le.manylinux2014_ppc64le.whl", hash = "sha256:b1f893014f00fe5e89a660a032e813bf9f6d91de74cd1490cdb13b2b59d0c9a3", size = 2035970, upload-time = "2025-07-27T21:23:55.758Z" },
    { url = "https://files.pythonhosted.org/packages/c4/70/d2ac33d572b4d90f7f0f2c8a1d60fb48f06b128fdc2c05f9b49891bb0279/cramjam-2.11.0-cp314-cp314t-manylinux_2_17_s390x.manylinux2014_s390x.whl", hash = "sha256:c26a1eb487947010f5de24943bd7c422dad955b2b0f8650762539778c380ca89", size = 2069320, upload-time = "2025-07-27T21:23:57.494Z" },
    { url = "https://files.pythonhosted.org/packages/1d/4c/85cec77af4a74308ba5fca8e296c4e2f80ec465c537afc7ab1e0ca2f9a00/cramjam-2.11.0-cp314-cp314t-manylinux_2_17_x86_64.manylinux2014_x86_64.whl", hash = "sha256:7d5c8bfb438d94e7b892d1426da5fc4b4a5370cc360df9b8d9d77c33b896c37e", size = 1982668, upload-time = "2025-07-27T21:23:59.126Z" },
    { url = "https://files.pythonhosted.org/packages/55/45/938546d1629e008cc3138df7c424ef892719b1796ff408a2ab8550032e5e/cramjam-2.11.0-cp314-cp314t-musllinux_1_1_aarch64.whl", hash = "sha256:cb1fb8c9337ab0da25a01c05d69a0463209c347f16512ac43be5986f3d1ebaf4", size = 2034028, upload-time = "2025-07-27T21:24:00.865Z" },
    { url = "https://files.pythonhosted.org/packages/01/76/b5a53e20505555f1640e66dcf70394bcf51a1a3a072aa18ea35135a0f9ed/cramjam-2.11.0-cp314-cp314t-musllinux_1_1_armv7l.whl", hash = "sha256:1f6449f6de52dde3e2f1038284910c8765a397a25e2d05083870f3f5e7fc682c", size = 2155513, upload-time = "2025-07-27T21:24:02.92Z" },
    { url = "https://files.pythonhosted.org/packages/84/12/8d3f6ceefae81bbe45a347fdfa2219d9f3ac75ebc304f92cd5fcb4fbddc5/cramjam-2.11.0-cp314-cp314t-musllinux_1_1_i686.whl", hash = "sha256:382dec4f996be48ed9c6958d4e30c2b89435d7c2c4dbf32480b3b8886293dd65", size = 2170035, upload-time = "2025-07-27T21:24:04.558Z" },
    { url = "https://files.pythonhosted.org/packages/4b/85/3be6f0a1398f976070672be64f61895f8839857618a2d8cc0d3ab529d3dc/cramjam-2.11.0-cp314-cp314t-musllinux_1_1_x86_64.whl", hash = "sha256:d388bd5723732c3afe1dd1d181e4213cc4e1be210b080572e7d5749f6e955656", size = 2160229, upload-time = "2025-07-27T21:24:06.729Z" },
    { url = "https://files.pythonhosted.org/packages/57/5e/66cfc3635511b20014bbb3f2ecf0095efb3049e9e96a4a9e478e4f3d7b78/cramjam-2.11.0-cp314-cp314t-win32.whl", hash = "sha256:0a70ff17f8e1d13f322df616505550f0f4c39eda62290acb56f069d4857037c8", size = 1610267, upload-time = "2025-07-27T21:24:08.428Z" },
    { url = "https://files.pythonhosted.org/packages/ce/c6/c71e82e041c95ffe6a92ac707785500aa2a515a4339c2c7dd67e3c449249/cramjam-2.11.0-cp314-cp314t-win_amd64.whl", hash = "sha256:028400d699442d40dbda02f74158c73d05cb76587a12490d0bfedd958fd49188", size = 1713108, upload-time = "2025-07-27T21:24:10.147Z" },
]

[[package]]
name = "dotenv"
version = "0.9.9"
source = { registry = "https://pypi.org/simple" }
dependencies = [
    { name = "python-dotenv" },
]
wheels = [
    { url = "https://files.pythonhosted.org/packages/b2/b7/545d2c10c1fc15e48653c91efde329a790f2eecfbbf2bd16003b5db2bab0/dotenv-0.9.9-py2.py3-none-any.whl", hash = "sha256:29cf74a087b31dafdb5a446b6d7e11cbce8ed2741540e2339c69fbef92c94ce9", size = 1892, upload-time = "2025-02-19T22:15:01.647Z" },
]

[[package]]
name = "fastparquet"
version = "2025.12.0"
source = { registry = "https://pypi.org/simple" }
dependencies = [
    { name = "cramjam" },
    { name = "fsspec" },
    { name = "numpy" },
    { name = "packaging" },
    { name = "pandas" },
]
sdist = { url = "https://files.pythonhosted.org/packages/1e/ad/87f7f5750685e8e0a359d732c85332481ba9b5723af579f8755f81154d0b/fastparquet-2025.12.0.tar.gz", hash = "sha256:85f807d3846c7691855a68ed7ff6ee40654b72b997f5b1199e6310a1e19d1cd5", size = 480045, upload-time = "2025-12-18T16:22:22.016Z" }
wheels = [
    { url = "https://files.pythonhosted.org/packages/1a/3a/7bc677df8d4dadc4f7f2dee035c9578aa0e79e2c0f58ddc78e197e24fbc2/fastparquet-2025.12.0-cp314-cp314-macosx_10_15_universal2.whl", hash = "sha256:c0fe3f8a73160be7778e1a54ac4463b49a7e35e1f6c7fb9876b36d2ec572bead", size = 900184, upload-time = "2025-12-18T21:53:56.193Z" },
    { url = "https://files.pythonhosted.org/packages/c5/aa/2c726bfd2a6c0e18854a924c3faeee1c2e934b03915c8d2111a3c3f7c0fd/fastparquet-2025.12.0-cp314-cp314-macosx_11_0_arm64.whl", hash = "sha256:aec3a736e3c43f7d8f911946f4c56b8cc17e803932ca0cb75bb2643796adabeb", size = 692174, upload-time = "2025-12-18T21:54:16.329Z" },
    { url = "https://files.pythonhosted.org/packages/e3/c4/a0936ac68c7209ab4979ac45ab59d6efa700b5ddac62031f4ddd6b462f0d/fastparquet-2025.12.0-cp314-cp314-manylinux1_i686.manylinux_2_28_i686.manylinux_2_5_i686.whl", hash = "sha256:8aa32817dd571b10974b04c66e470a181208840466f155280ff3df43946c6b92", size = 1755044, upload-time = "2025-12-18T21:58:18.404Z" },
    { url = "https://files.pythonhosted.org/packages/64/54/0b06b3c8a778fd0795426e2a529672cb6925541ba2a1076e3d8940a6c565/fastparquet-2025.12.0-cp314-cp314-manylinux2014_aarch64.manylinux_2_17_aarch64.manylinux_2_28_aarch64.whl", hash = "sha256:9f5a9dc0036838950e449d6d05dd48e25b6b2741568b4e0872823195e23890b1", size = 1793074, upload-time = "2025-12-18T21:57:34.995Z" },
    { url = "https://files.pythonhosted.org/packages/11/23/7b5109f7ec39dbe3dc847a3a3d63105a78717d9fe874abbba7a90f047b31/fastparquet-2025.12.0-cp314-cp314-manylinux2014_x86_64.manylinux_2_17_x86_64.manylinux_2_28_x86_64.whl", hash = "sha256:05971c0974b5bb00c01622fe248f83008e58f06224212c778f7d46ccb092a7d2", size = 1802137, upload-time = "2025-12-18T21:58:50.504Z" },
    { url = "https://files.pythonhosted.org/packages/6a/8b/f3acc13ffec64803bbbb56977147e8ea105426f5034c9041d5d6d01c7e62/fastparquet-2025.12.0-cp314-cp314-musllinux_1_2_i686.whl", hash = "sha256:e86a3407933ff510dad077139eaae2c664d2bdeeb0b6ece2a1e1c98c87257dd3", size = 1781629, upload-time = "2025-12-18T21:58:20.015Z" },
    { url = "https://files.pythonhosted.org/packages/13/66/c102a8b01976afd4408ccfc7f121516168faaafb86a201716116ce5120d0/fastparquet-2025.12.0-cp314-cp314-musllinux_1_2_x86_64.whl", hash = "sha256:00349200d1103a34e34a94f535c1bf19870ab1654388b8a2aa50ca34046fc071", size = 1806721, upload-time = "2025-12-18T21:58:52.495Z" },
    { url = "https://files.pythonhosted.org/packages/b2/83/13340110f7daa99db2c9f090a2790602515dabc6dc263e88931482aaaf66/fastparquet-2025.12.0-cp314-cp314-win_amd64.whl", hash = "sha256:8f42036889a5729da1cae6e2a599b9c8b93af6f99973015ac14225d529300982", size = 673274, upload-time = "2025-12-18T21:59:13.642Z" },
    { url = "https://files.pythonhosted.org/packages/ff/df/22f149b01de42cc69a4faa1047e1902a91bf1085e79ccba20caceded8607/fastparquet-2025.12.0-cp314-cp314t-macosx_10_15_universal2.whl", hash = "sha256:a4e9165c98f0fdac70aba728055424b0b2830a9cb02e9048d3d82d2e9c0294c1", size = 929604, upload-time = "2025-12-18T21:53:57.814Z" },
    { url = "https://files.pythonhosted.org/packages/f1/e8/18b0831254eb8a3b07caf374a23dc011eeffa5f8bc5507d2b43498bc577d/fastparquet-2025.12.0-cp314-cp314t-macosx_11_0_arm64.whl", hash = "sha256:69b80faf4c9d154fc95d3f291a55b1d782c684e9fcfe443a274c3e92d36a963c", size = 708902, upload-time = "2025-12-18T21:54:17.803Z" },
    { url = "https://files.pythonhosted.org/packages/e8/0c/a29aa2c84b46d35e5dc4ece79f0fca67a6889a51ac3d0330a7fb22cf82fd/fastparquet-2025.12.0-cp314-cp314t-manylinux1_i686.manylinux_2_28_i686.manylinux_2_5_i686.whl", hash = "sha256:8b9c9108127778d9628cce342f4e4c98890a4b686f677ed4973bc0edd6e25af9", size = 1771639, upload-time = "2025-12-18T21:58:21.761Z" },
    { url = "https://files.pythonhosted.org/packages/9f/62/2d851d5effe3c95b36ae948fb7da46d00ae8f88ae0d6907403b2ac5183c9/fastparquet-2025.12.0-cp314-cp314t-manylinux2014_aarch64.manylinux_2_17_aarch64.manylinux_2_28_aarch64.whl", hash = "sha256:9c052cacccfc6f8cb2ca98e809380969214b79471d49867f802184d3ea68d1e9", size = 1830649, upload-time = "2025-12-18T21:57:36.884Z" },
    { url = "https://files.pythonhosted.org/packages/bf/a1/868f2d5db3fc9965e4ca6a68f6ab5fef3ade0104136e3556299c952bc720/fastparquet-2025.12.0-cp314-cp314t-manylinux2014_x86_64.manylinux_2_17_x86_64.manylinux_2_28_x86_64.whl", hash = "sha256:c027278b5372e11a005b8d1ad9d85e86a9d70077dc8918cda99f90e657dc7251", size = 1820867, upload-time = "2025-12-18T21:58:54.645Z" },
    { url = "https://files.pythonhosted.org/packages/20/9c/f900734e546425509cf1f5cc9cd4f75275dff45c40d8c65feb0f148e4118/fastparquet-2025.12.0-cp314-cp314t-musllinux_1_2_i686.whl", hash = "sha256:618cc4388f5bc1d85587c0842f6c0d1af8ab2e27a5aa8074aa233b157f68f2c0", size = 1786865, upload-time = "2025-12-18T21:58:23.136Z" },
    { url = "https://files.pythonhosted.org/packages/34/14/88068907d837964d407d5835df6672ea635881d6e0937ca21dac088342bc/fastparquet-2025.12.0-cp314-cp314t-musllinux_1_2_x86_64.whl", hash = "sha256:3e3fac9215a00a6a6836400437a7797841cb2f6393e38ff0a77c5e1aa37cfa44", size = 1817440, upload-time = "2025-12-18T21:58:56.702Z" },
    { url = "https://files.pythonhosted.org/packages/7a/d9/5c4a0871d7b111c7115c02feb071c07a0a1c1da0afc1c35d9acb7958fd95/fastparquet-2025.12.0-cp314-cp314t-win_amd64.whl", hash = "sha256:1bbacfff213b1cfbfa189ba1023f3fa9e3025ce6590c1becdb76a6ac1e84e623", size = 707783, upload-time = "2025-12-18T21:59:15.138Z" },
]

[[package]]
name = "fsspec"
version = "2026.2.0"
source = { registry = "https://pypi.org/simple" }
sdist = { url = "https://files.pythonhosted.org/packages/51/7c/f60c259dcbf4f0c47cc4ddb8f7720d2dcdc8888c8e5ad84c73ea4531cc5b/fsspec-2026.2.0.tar.gz", hash = "sha256:6544e34b16869f5aacd5b90bdf1a71acb37792ea3ddf6125ee69a22a53fb8bff", size = 313441, upload-time = "2026-02-05T21:50:53.743Z" }
wheels = [
    { url = "https://files.pythonhosted.org/packages/e6/ab/fb21f4c939bb440104cc2b396d3be1d9b7a9fd3c6c2a53d98c45b3d7c954/fsspec-2026.2.0-py3-none-any.whl", hash = "sha256:98de475b5cb3bd66bedd5c4679e87b4fdfe1a3bf4d707b151b3c07e58c9a2437", size = 202505, upload-time = "2026-02-05T21:50:51.819Z" },
]

[[package]]
name = "greenlet"
version = "3.3.2"
source = { registry = "https://pypi.org/simple" }
sdist = { url = "https://files.pythonhosted.org/packages/a3/51/1664f6b78fc6ebbd98019a1fd730e83fa78f2db7058f72b1463d3612b8db/greenlet-3.3.2.tar.gz", hash = "sha256:2eaf067fc6d886931c7962e8c6bede15d2f01965560f3359b27c80bde2d151f2", size = 188267, upload-time = "2026-02-20T20:54:15.531Z" }
wheels = [
    { url = "https://files.pythonhosted.org/packages/3f/ae/8bffcbd373b57a5992cd077cbe8858fff39110480a9d50697091faea6f39/greenlet-3.3.2-cp314-cp314-macosx_11_0_universal2.whl", hash = "sha256:8d1658d7291f9859beed69a776c10822a0a799bc4bfe1bd4272bb60e62507dab", size = 279650, upload-time = "2026-02-20T20:18:00.783Z" },
    { url = "https://files.pythonhosted.org/packages/d1/c0/45f93f348fa49abf32ac8439938726c480bd96b2a3c6f4d949ec0124b69f/greenlet-3.3.2-cp314-cp314-manylinux_2_24_aarch64.manylinux_2_28_aarch64.whl", hash = "sha256:18cb1b7337bca281915b3c5d5ae19f4e76d35e1df80f4ad3c1a7be91fadf1082", size = 650295, upload-time = "2026-02-20T20:47:34.036Z" },
    { url = "https://files.pythonhosted.org/packages/b3/de/dd7589b3f2b8372069ab3e4763ea5329940fc7ad9dcd3e272a37516d7c9b/greenlet-3.3.2-cp314-cp314-manylinux_2_24_ppc64le.manylinux_2_28_ppc64le.whl", hash = "sha256:c2e47408e8ce1c6f1ceea0dffcdf6ebb85cc09e55c7af407c99f1112016e45e9", size = 662163, upload-time = "2026-02-20T20:56:01.295Z" },
    { url = "https://files.pythonhosted.org/packages/d2/d8/09bfa816572a4d83bccd6750df1926f79158b1c36c5f73786e26dbe4ee38/greenlet-3.3.2-cp314-cp314-manylinux_2_24_x86_64.manylinux_2_28_x86_64.whl", hash = "sha256:63d10328839d1973e5ba35e98cccbca71b232b14051fd957b6f8b6e8e80d0506", size = 664160, upload-time = "2026-02-20T20:21:04.015Z" },
    { url = "https://files.pythonhosted.org/packages/48/cf/56832f0c8255d27f6c35d41b5ec91168d74ec721d85f01a12131eec6b93c/greenlet-3.3.2-cp314-cp314-musllinux_1_2_aarch64.whl", hash = "sha256:8e4ab3cfb02993c8cc248ea73d7dae6cec0253e9afa311c9b37e603ca9fad2ce", size = 1619181, upload-time = "2026-02-20T20:49:36.052Z" },
    { url = "https://files.pythonhosted.org/packages/0a/23/b90b60a4aabb4cec0796e55f25ffbfb579a907c3898cd2905c8918acaa16/greenlet-3.3.2-cp314-cp314-musllinux_1_2_x86_64.whl", hash = "sha256:94ad81f0fd3c0c0681a018a976e5c2bd2ca2d9d94895f23e7bb1af4e8af4e2d5", size = 1687713, upload-time = "2026-02-20T20:21:11.684Z" },
    { url = "https://files.pythonhosted.org/packages/f3/ca/2101ca3d9223a1dc125140dbc063644dca76df6ff356531eb27bc267b446/greenlet-3.3.2-cp314-cp314-win_amd64.whl", hash = "sha256:8c4dd0f3997cf2512f7601563cc90dfb8957c0cff1e3a1b23991d4ea1776c492", size = 232034, upload-time = "2026-02-20T20:20:08.186Z" },
    { url = "https://files.pythonhosted.org/packages/f6/4a/ecf894e962a59dea60f04877eea0fd5724618da89f1867b28ee8b91e811f/greenlet-3.3.2-cp314-cp314-win_arm64.whl", hash = "sha256:cd6f9e2bbd46321ba3bbb4c8a15794d32960e3b0ae2cc4d49a1a53d314805d71", size = 231437, upload-time = "2026-02-20T20:18:59.722Z" },
    { url = "https://files.pythonhosted.org/packages/98/6d/8f2ef704e614bcf58ed43cfb8d87afa1c285e98194ab2cfad351bf04f81e/greenlet-3.3.2-cp314-cp314t-macosx_11_0_universal2.whl", hash = "sha256:e26e72bec7ab387ac80caa7496e0f908ff954f31065b0ffc1f8ecb1338b11b54", size = 286617, upload-time = "2026-02-20T20:19:29.856Z" },
    { url = "https://files.pythonhosted.org/packages/5e/0d/93894161d307c6ea237a43988f27eba0947b360b99ac5239ad3fe09f0b47/greenlet-3.3.2-cp314-cp314t-manylinux_2_24_aarch64.manylinux_2_28_aarch64.whl", hash = "sha256:8b466dff7a4ffda6ca975979bab80bdadde979e29fc947ac3be4451428d8b0e4", size = 655189, upload-time = "2026-02-20T20:47:35.742Z" },
    { url = "https://files.pythonhosted.org/packages/f5/2c/d2d506ebd8abcb57386ec4f7ba20f4030cbe56eae541bc6fd6ef399c0b41/greenlet-3.3.2-cp314-cp314t-manylinux_2_24_ppc64le.manylinux_2_28_ppc64le.whl", hash = "sha256:b8bddc5b73c9720bea487b3bffdb1840fe4e3656fba3bd40aa1489e9f37877ff", size = 658225, upload-time = "2026-02-20T20:56:02.527Z" },
    { url = "https://files.pythonhosted.org/packages/8e/30/3a09155fbf728673a1dea713572d2d31159f824a37c22da82127056c44e4/greenlet-3.3.2-cp314-cp314t-manylinux_2_24_x86_64.manylinux_2_28_x86_64.whl", hash = "sha256:b26b0f4428b871a751968285a1ac9648944cea09807177ac639b030bddebcea4", size = 657907, upload-time = "2026-02-20T20:21:05.259Z" },
    { url = "https://files.pythonhosted.org/packages/f3/fd/d05a4b7acd0154ed758797f0a43b4c0962a843bedfe980115e842c5b2d08/greenlet-3.3.2-cp314-cp314t-musllinux_1_2_aarch64.whl", hash = "sha256:1fb39a11ee2e4d94be9a76671482be9398560955c9e568550de0224e41104727", size = 1618857, upload-time = "2026-02-20T20:49:37.309Z" },
    { url = "https://files.pythonhosted.org/packages/6f/e1/50ee92a5db521de8f35075b5eff060dd43d39ebd46c2181a2042f7070385/greenlet-3.3.2-cp314-cp314t-musllinux_1_2_x86_64.whl", hash = "sha256:20154044d9085151bc309e7689d6f7ba10027f8f5a8c0676ad398b951913d89e", size = 1680010, upload-time = "2026-02-20T20:21:13.427Z" },
    { url = "https://files.pythonhosted.org/packages/29/4b/45d90626aef8e65336bed690106d1382f7a43665e2249017e9527df8823b/greenlet-3.3.2-cp314-cp314t-win_amd64.whl", hash = "sha256:c04c5e06ec3e022cbfe2cd4a846e1d4e50087444f875ff6d2c2ad8445495cf1a", size = 237086, upload-time = "2026-02-20T20:20:45.786Z" },
]

[[package]]
name = "logging"
version = "0.4.9.6"
source = { registry = "https://pypi.org/simple" }
sdist = { url = "https://files.pythonhosted.org/packages/93/4b/979db9e44be09f71e85c9c8cfc42f258adfb7d93ce01deed2788b2948919/logging-0.4.9.6.tar.gz", hash = "sha256:26f6b50773f085042d301085bd1bf5d9f3735704db9f37c1ce6d8b85c38f2417", size = 96029, upload-time = "2013-06-04T23:43:22.086Z" }

[[package]]
name = "numpy"
version = "2.4.3"
source = { registry = "https://pypi.org/simple" }
sdist = { url = "https://files.pythonhosted.org/packages/10/8b/c265f4823726ab832de836cdd184d0986dcf94480f81e8739692a7ac7af2/numpy-2.4.3.tar.gz", hash = "sha256:483a201202b73495f00dbc83796c6ae63137a9bdade074f7648b3e32613412dd", size = 20727743, upload-time = "2026-03-09T07:58:53.426Z" }
wheels = [
    { url = "https://files.pythonhosted.org/packages/70/ae/3936f79adebf8caf81bd7a599b90a561334a658be4dcc7b6329ebf4ee8de/numpy-2.4.3-cp314-cp314-macosx_10_15_x86_64.whl", hash = "sha256:5884ce5c7acfae1e4e1b6fde43797d10aa506074d25b531b4f54bde33c0c31d4", size = 16664563, upload-time = "2026-03-09T07:57:43.817Z" },
    { url = "https://files.pythonhosted.org/packages/9b/62/760f2b55866b496bb1fa7da2a6db076bef908110e568b02fcfc1422e2a3a/numpy-2.4.3-cp314-cp314-macosx_11_0_arm64.whl", hash = "sha256:297837823f5bc572c5f9379b0c9f3a3365f08492cbdc33bcc3af174372ebb168", size = 14702161, upload-time = "2026-03-09T07:57:46.169Z" },
    { url = "https://files.pythonhosted.org/packages/32/af/a7a39464e2c0a21526fb4fb76e346fb172ebc92f6d1c7a07c2c139cc17b1/numpy-2.4.3-cp314-cp314-macosx_14_0_arm64.whl", hash = "sha256:a111698b4a3f8dcbe54c64a7708f049355abd603e619013c346553c1fd4ca90b", size = 5208738, upload-time = "2026-03-09T07:57:48.506Z" },
    { url = "https://files.pythonhosted.org/packages/29/8c/2a0cf86a59558fa078d83805589c2de490f29ed4fb336c14313a161d358a/numpy-2.4.3-cp314-cp314-macosx_14_0_x86_64.whl", hash = "sha256:4bd4741a6a676770e0e97fe9ab2e51de01183df3dcbcec591d26d331a40de950", size = 6543618, upload-time = "2026-03-09T07:57:50.591Z" },
    { url = "https://files.pythonhosted.org/packages/aa/b8/612ce010c0728b1c363fa4ea3aa4c22fe1c5da1de008486f8c2f5cb92fae/numpy-2.4.3-cp314-cp314-manylinux_2_27_aarch64.manylinux_2_28_aarch64.whl", hash = "sha256:54f29b877279d51e210e0c80709ee14ccbbad647810e8f3d375561c45ef613dd", size = 15680676, upload-time = "2026-03-09T07:57:52.34Z" },
    { url = "https://files.pythonhosted.org/packages/a9/7e/4f120ecc54ba26ddf3dc348eeb9eb063f421de65c05fc961941798feea18/numpy-2.4.3-cp314-cp314-manylinux_2_27_x86_64.manylinux_2_28_x86_64.whl", hash = "sha256:679f2a834bae9020f81534671c56fd0cc76dd7e5182f57131478e23d0dc59e24", size = 16613492, upload-time = "2026-03-09T07:57:54.91Z" },
    { url = "https://files.pythonhosted.org/packages/2c/86/1b6020db73be330c4b45d5c6ee4295d59cfeef0e3ea323959d053e5a6909/numpy-2.4.3-cp314-cp314-musllinux_1_2_aarch64.whl", hash = "sha256:d84f0f881cb2225c2dfd7f78a10a5645d487a496c6668d6cc39f0f114164f3d0", size = 17031789, upload-time = "2026-03-09T07:57:57.641Z" },
    { url = "https://files.pythonhosted.org/packages/07/3a/3b90463bf41ebc21d1b7e06079f03070334374208c0f9a1f05e4ae8455e7/numpy-2.4.3-cp314-cp314-musllinux_1_2_x86_64.whl", hash = "sha256:d213c7e6e8d211888cc359bab7199670a00f5b82c0978b9d1c75baf1eddbeac0", size = 18339941, upload-time = "2026-03-09T07:58:00.577Z" },
    { url = "https://files.pythonhosted.org/packages/a8/74/6d736c4cd962259fd8bae9be27363eb4883a2f9069763747347544c2a487/numpy-2.4.3-cp314-cp314-win32.whl", hash = "sha256:52077feedeff7c76ed7c9f1a0428558e50825347b7545bbb8523da2cd55c547a", size = 6007503, upload-time = "2026-03-09T07:58:03.331Z" },
    { url = "https://files.pythonhosted.org/packages/48/39/c56ef87af669364356bb011922ef0734fc49dad51964568634c72a009488/numpy-2.4.3-cp314-cp314-win_amd64.whl", hash = "sha256:0448e7f9caefb34b4b7dd2b77f21e8906e5d6f0365ad525f9f4f530b13df2afc", size = 12444915, upload-time = "2026-03-09T07:58:06.353Z" },
    { url = "https://files.pythonhosted.org/packages/9d/1f/ab8528e38d295fd349310807496fabb7cf9fe2e1f70b97bc20a483ea9d4a/numpy-2.4.3-cp314-cp314-win_arm64.whl", hash = "sha256:b44fd60341c4d9783039598efadd03617fa28d041fc37d22b62d08f2027fa0e7", size = 10494875, upload-time = "2026-03-09T07:58:08.734Z" },
    { url = "https://files.pythonhosted.org/packages/e6/ef/b7c35e4d5ef141b836658ab21a66d1a573e15b335b1d111d31f26c8ef80f/numpy-2.4.3-cp314-cp314t-macosx_11_0_arm64.whl", hash = "sha256:0a195f4216be9305a73c0e91c9b026a35f2161237cf1c6de9b681637772ea657", size = 14822225, upload-time = "2026-03-09T07:58:11.034Z" },
    { url = "https://files.pythonhosted.org/packages/cd/8d/7730fa9278cf6648639946cc816e7cc89f0d891602584697923375f801ed/numpy-2.4.3-cp314-cp314t-macosx_14_0_arm64.whl", hash = "sha256:cd32fbacb9fd1bf041bf8e89e4576b6f00b895f06d00914820ae06a616bdfef7", size = 5328769, upload-time = "2026-03-09T07:58:13.67Z" },
    { url = "https://files.pythonhosted.org/packages/47/01/d2a137317c958b074d338807c1b6a383406cdf8b8e53b075d804cc3d211d/numpy-2.4.3-cp314-cp314t-macosx_14_0_x86_64.whl", hash = "sha256:2e03c05abaee1f672e9d67bc858f300b5ccba1c21397211e8d77d98350972093", size = 6649461, upload-time = "2026-03-09T07:58:15.912Z" },
    { url = "https://files.pythonhosted.org/packages/5c/34/812ce12bc0f00272a4b0ec0d713cd237cb390666eb6206323d1cc9cedbb2/numpy-2.4.3-cp314-cp314t-manylinux_2_27_aarch64.manylinux_2_28_aarch64.whl", hash = "sha256:7d1ce23cce91fcea443320a9d0ece9b9305d4368875bab09538f7a5b4131938a", size = 15725809, upload-time = "2026-03-09T07:58:17.787Z" },
    { url = "https://files.pythonhosted.org/packages/25/c0/2aed473a4823e905e765fee3dc2cbf504bd3e68ccb1150fbdabd5c39f527/numpy-2.4.3-cp314-cp314t-manylinux_2_27_x86_64.manylinux_2_28_x86_64.whl", hash = "sha256:c59020932feb24ed49ffd03704fbab89f22aa9c0d4b180ff45542fe8918f5611", size = 16655242, upload-time = "2026-03-09T07:58:20.476Z" },
    { url = "https://files.pythonhosted.org/packages/f2/c8/7e052b2fc87aa0e86de23f20e2c42bd261c624748aa8efd2c78f7bb8d8c6/numpy-2.4.3-cp314-cp314t-musllinux_1_2_aarch64.whl", hash = "sha256:9684823a78a6cd6ad7511fc5e25b07947d1d5b5e2812c93fe99d7d4195130720", size = 17080660, upload-time = "2026-03-09T07:58:23.067Z" },
    { url = "https://files.pythonhosted.org/packages/f3/3d/0876746044db2adcb11549f214d104f2e1be00f07a67edbb4e2812094847/numpy-2.4.3-cp314-cp314t-musllinux_1_2_x86_64.whl", hash = "sha256:0200b25c687033316fb39f0ff4e3e690e8957a2c3c8d22499891ec58c37a3eb5", size = 18380384, upload-time = "2026-03-09T07:58:25.839Z" },
    { url = "https://files.pythonhosted.org/packages/07/12/8160bea39da3335737b10308df4f484235fd297f556745f13092aa039d3b/numpy-2.4.3-cp314-cp314t-win32.whl", hash = "sha256:5e10da9e93247e554bb1d22f8edc51847ddd7dde52d85ce31024c1b4312bfba0", size = 6154547, upload-time = "2026-03-09T07:58:28.289Z" },
    { url = "https://files.pythonhosted.org/packages/42/f3/76534f61f80d74cc9cdf2e570d3d4eeb92c2280a27c39b0aaf471eda7b48/numpy-2.4.3-cp314-cp314t-win_amd64.whl", hash = "sha256:45f003dbdffb997a03da2d1d0cb41fbd24a87507fb41605c0420a3db5bd4667b", size = 12633645, upload-time = "2026-03-09T07:58:30.384Z" },
    { url = "https://files.pythonhosted.org/packages/1f/b6/7c0d4334c15983cec7f92a69e8ce9b1e6f31857e5ee3a413ac424e6bd63d/numpy-2.4.3-cp314-cp314t-win_arm64.whl", hash = "sha256:4d382735cecd7bcf090172489a525cd7d4087bc331f7df9f60ddc9a296cf208e", size = 10565454, upload-time = "2026-03-09T07:58:33.031Z" },
]

[[package]]
name = "packaging"
version = "26.0"
source = { registry = "https://pypi.org/simple" }
sdist = { url = "https://files.pythonhosted.org/packages/65/ee/299d360cdc32edc7d2cf530f3accf79c4fca01e96ffc950d8a52213bd8e4/packaging-26.0.tar.gz", hash = "sha256:00243ae351a257117b6a241061796684b084ed1c516a08c48a3f7e147a9d80b4", size = 143416, upload-time = "2026-01-21T20:50:39.064Z" }
wheels = [
    { url = "https://files.pythonhosted.org/packages/b7/b9/c538f279a4e237a006a2c98387d081e9eb060d203d8ed34467cc0f0b9b53/packaging-26.0-py3-none-any.whl", hash = "sha256:b36f1fef9334a5588b4166f8bcd26a14e521f2b55e6b9de3aaa80d3ff7a37529", size = 74366, upload-time = "2026-01-21T20:50:37.788Z" },
]

[[package]]
name = "pandas"
version = "3.0.1"
source = { registry = "https://pypi.org/simple" }
dependencies = [
    { name = "numpy" },
    { name = "python-dateutil" },
    { name = "tzdata", marker = "sys_platform == 'emscripten' or sys_platform == 'win32'" },
]
sdist = { url = "https://files.pythonhosted.org/packages/2e/0c/b28ed414f080ee0ad153f848586d61d1878f91689950f037f976ce15f6c8/pandas-3.0.1.tar.gz", hash = "sha256:4186a699674af418f655dbd420ed87f50d56b4cd6603784279d9eef6627823c8", size = 4641901, upload-time = "2026-02-17T22:20:16.434Z" }
wheels = [
    { url = "https://files.pythonhosted.org/packages/bb/8b/4bb774a998b97e6c2fd62a9e6cfdaae133b636fd1c468f92afb4ae9a447a/pandas-3.0.1-cp314-cp314-macosx_10_15_x86_64.whl", hash = "sha256:99d0f92ed92d3083d140bf6b97774f9f13863924cf3f52a70711f4e7588f9d0a", size = 10322465, upload-time = "2026-02-17T22:19:36.803Z" },
    { url = "https://files.pythonhosted.org/packages/72/3a/5b39b51c64159f470f1ca3b1c2a87da290657ca022f7cd11442606f607d1/pandas-3.0.1-cp314-cp314-macosx_11_0_arm64.whl", hash = "sha256:3b66857e983208654294bb6477b8a63dee26b37bdd0eb34d010556e91261784f", size = 9910632, upload-time = "2026-02-17T22:19:39.001Z" },
    { url = "https://files.pythonhosted.org/packages/4e/f7/b449ffb3f68c11da12fc06fbf6d2fa3a41c41e17d0284d23a79e1c13a7e4/pandas-3.0.1-cp314-cp314-manylinux_2_24_aarch64.manylinux_2_28_aarch64.whl", hash = "sha256:56cf59638bf24dc9bdf2154c81e248b3289f9a09a6d04e63608c159022352749", size = 10440535, upload-time = "2026-02-17T22:19:41.157Z" },
    { url = "https://files.pythonhosted.org/packages/55/77/6ea82043db22cb0f2bbfe7198da3544000ddaadb12d26be36e19b03a2dc5/pandas-3.0.1-cp314-cp314-manylinux_2_24_x86_64.manylinux_2_28_x86_64.whl", hash = "sha256:c1a9f55e0f46951874b863d1f3906dcb57df2d9be5c5847ba4dfb55b2c815249", size = 10893940, upload-time = "2026-02-17T22:19:43.493Z" },
    { url = "https://files.pythonhosted.org/packages/03/30/f1b502a72468c89412c1b882a08f6eed8a4ee9dc033f35f65d0663df6081/pandas-3.0.1-cp314-cp314-musllinux_1_2_aarch64.whl", hash = "sha256:1849f0bba9c8a2fb0f691d492b834cc8dadf617e29015c66e989448d58d011ee", size = 11442711, upload-time = "2026-02-17T22:19:46.074Z" },
    { url = "https://files.pythonhosted.org/packages/0d/f0/ebb6ddd8fc049e98cabac5c2924d14d1dda26a20adb70d41ea2e428d3ec4/pandas-3.0.1-cp314-cp314-musllinux_1_2_x86_64.whl", hash = "sha256:c3d288439e11b5325b02ae6e9cc83e6805a62c40c5a6220bea9beb899c073b1c", size = 11963918, upload-time = "2026-02-17T22:19:48.838Z" },
    { url = "https://files.pythonhosted.org/packages/09/f8/8ce132104074f977f907442790eaae24e27bce3b3b454e82faa3237ff098/pandas-3.0.1-cp314-cp314-win_amd64.whl", hash = "sha256:93325b0fe372d192965f4cca88d97667f49557398bbf94abdda3bf1b591dbe66", size = 9862099, upload-time = "2026-02-17T22:19:51.081Z" },
    { url = "https://files.pythonhosted.org/packages/e6/b7/6af9aac41ef2456b768ef0ae60acf8abcebb450a52043d030a65b4b7c9bd/pandas-3.0.1-cp314-cp314-win_arm64.whl", hash = "sha256:97ca08674e3287c7148f4858b01136f8bdfe7202ad25ad04fec602dd1d29d132", size = 9185333, upload-time = "2026-02-17T22:19:53.266Z" },
    { url = "https://files.pythonhosted.org/packages/66/fc/848bb6710bc6061cb0c5badd65b92ff75c81302e0e31e496d00029fe4953/pandas-3.0.1-cp314-cp314t-macosx_10_15_x86_64.whl", hash = "sha256:58eeb1b2e0fb322befcf2bbc9ba0af41e616abadb3d3414a6bc7167f6cbfce32", size = 10772664, upload-time = "2026-02-17T22:19:55.806Z" },
    { url = "https://files.pythonhosted.org/packages/69/5c/866a9bbd0f79263b4b0db6ec1a341be13a1473323f05c122388e0f15b21d/pandas-3.0.1-cp314-cp314t-macosx_11_0_arm64.whl", hash = "sha256:cd9af1276b5ca9e298bd79a26bda32fa9cc87ed095b2a9a60978d2ca058eaf87", size = 10421286, upload-time = "2026-02-17T22:19:58.091Z" },
    { url = "https://files.pythonhosted.org/packages/51/a4/2058fb84fb1cfbfb2d4a6d485e1940bb4ad5716e539d779852494479c580/pandas-3.0.1-cp314-cp314t-manylinux_2_24_aarch64.manylinux_2_28_aarch64.whl", hash = "sha256:94f87a04984d6b63788327cd9f79dda62b7f9043909d2440ceccf709249ca988", size = 10342050, upload-time = "2026-02-17T22:20:01.376Z" },
    { url = "https://files.pythonhosted.org/packages/22/1b/674e89996cc4be74db3c4eb09240c4bb549865c9c3f5d9b086ff8fcfbf00/pandas-3.0.1-cp314-cp314t-manylinux_2_24_x86_64.manylinux_2_28_x86_64.whl", hash = "sha256:85fe4c4df62e1e20f9db6ebfb88c844b092c22cd5324bdcf94bfa2fc1b391221", size = 10740055, upload-time = "2026-02-17T22:20:04.328Z" },
    { url = "https://files.pythonhosted.org/packages/d0/f8/e954b750764298c22fa4614376531fe63c521ef517e7059a51f062b87dca/pandas-3.0.1-cp314-cp314t-musllinux_1_2_aarch64.whl", hash = "sha256:331ca75a2f8672c365ae25c0b29e46f5ac0c6551fdace8eec4cd65e4fac271ff", size = 11357632, upload-time = "2026-02-17T22:20:06.647Z" },
    { url = "https://files.pythonhosted.org/packages/6d/02/c6e04b694ffd68568297abd03588b6d30295265176a5c01b7459d3bc35a3/pandas-3.0.1-cp314-cp314t-musllinux_1_2_x86_64.whl", hash = "sha256:15860b1fdb1973fffade772fdb931ccf9b2f400a3f5665aef94a00445d7d8dd5", size = 11810974, upload-time = "2026-02-17T22:20:08.946Z" },
    { url = "https://files.pythonhosted.org/packages/89/41/d7dfb63d2407f12055215070c42fc6ac41b66e90a2946cdc5e759058398b/pandas-3.0.1-cp314-cp314t-win_amd64.whl", hash = "sha256:44f1364411d5670efa692b146c748f4ed013df91ee91e9bec5677fb1fd58b937", size = 10884622, upload-time = "2026-02-17T22:20:11.711Z" },
    { url = "https://files.pythonhosted.org/packages/68/b0/34937815889fa982613775e4b97fddd13250f11012d769949c5465af2150/pandas-3.0.1-cp314-cp314t-win_arm64.whl", hash = "sha256:108dd1790337a494aa80e38def654ca3f0968cf4f362c85f44c15e471667102d", size = 9452085, upload-time = "2026-02-17T22:20:14.331Z" },
]

[[package]]
name = "psycopg2"
version = "2.9.11"
source = { registry = "https://pypi.org/simple" }
sdist = { url = "https://files.pythonhosted.org/packages/89/8d/9d12bc8677c24dad342ec777529bce705b3e785fa05d85122b5502b9ab55/psycopg2-2.9.11.tar.gz", hash = "sha256:964d31caf728e217c697ff77ea69c2ba0865fa41ec20bb00f0977e62fdcc52e3", size = 379598, upload-time = "2025-10-10T11:14:46.075Z" }
wheels = [
    { url = "https://files.pythonhosted.org/packages/47/08/737aa39c78d705a7ce58248d00eeba0e9fc36be488f9b672b88736fbb1f7/psycopg2-2.9.11-cp314-cp314-win_amd64.whl", hash = "sha256:f10a48acba5fe6e312b891f290b4d2ca595fc9a06850fe53320beac353575578", size = 2803738, upload-time = "2025-10-10T11:10:23.196Z" },
]

[[package]]
name = "python-dateutil"
version = "2.9.0.post0"
source = { registry = "https://pypi.org/simple" }
dependencies = [
    { name = "six" },
]
sdist = { url = "https://files.pythonhosted.org/packages/66/c0/0c8b6ad9f17a802ee498c46e004a0eb49bc148f2fd230864601a86dcf6db/python-dateutil-2.9.0.post0.tar.gz", hash = "sha256:37dd54208da7e1cd875388217d5e00ebd4179249f90fb72437e91a35459a0ad3", size = 342432, upload-time = "2024-03-01T18:36:20.211Z" }
wheels = [
    { url = "https://files.pythonhosted.org/packages/ec/57/56b9bcc3c9c6a792fcbaf139543cee77261f3651ca9da0c93f5c1221264b/python_dateutil-2.9.0.post0-py2.py3-none-any.whl", hash = "sha256:a8b2bc7bffae282281c8140a97d3aa9c14da0b136dfe83f850eea9a5f7470427", size = 229892, upload-time = "2024-03-01T18:36:18.57Z" },
]

[[package]]
name = "python-dotenv"
version = "1.2.2"
source = { registry = "https://pypi.org/simple" }
sdist = { url = "https://files.pythonhosted.org/packages/82/ed/0301aeeac3e5353ef3d94b6ec08bbcabd04a72018415dcb29e588514bba8/python_dotenv-1.2.2.tar.gz", hash = "sha256:2c371a91fbd7ba082c2c1dc1f8bf89ca22564a087c2c287cd9b662adde799cf3", size = 50135, upload-time = "2026-03-01T16:00:26.196Z" }
wheels = [
    { url = "https://files.pythonhosted.org/packages/0b/d7/1959b9648791274998a9c3526f6d0ec8fd2233e4d4acce81bbae76b44b2a/python_dotenv-1.2.2-py3-none-any.whl", hash = "sha256:1d8214789a24de455a8b8bd8ae6fe3c6b69a5e3d64aa8a8e5d68e694bbcb285a", size = 22101, upload-time = "2026-03-01T16:00:25.09Z" },
]

[[package]]
name = "six"
version = "1.17.0"
source = { registry = "https://pypi.org/simple" }
sdist = { url = "https://files.pythonhosted.org/packages/94/e7/b2c673351809dca68a0e064b6af791aa332cf192da575fd474ed7d6f16a2/six-1.17.0.tar.gz", hash = "sha256:ff70335d468e7eb6ec65b95b99d3a2836546063f63acc5171de367e834932a81", size = 34031, upload-time = "2024-12-04T17:35:28.174Z" }
wheels = [
    { url = "https://files.pythonhosted.org/packages/b7/ce/149a00dd41f10bc29e5921b496af8b574d8413afcd5e30dfa0ed46c2cc5e/six-1.17.0-py2.py3-none-any.whl", hash = "sha256:4721f391ed90541fddacab5acf947aa0d3dc7d27b2e1e8eda2be8970586c3274", size = 11050, upload-time = "2024-12-04T17:35:26.475Z" },
]

[[package]]
name = "sqlalchemy"
version = "2.0.48"
source = { registry = "https://pypi.org/simple" }
dependencies = [
    { name = "greenlet", marker = "platform_machine == 'AMD64' or platform_machine == 'WIN32' or platform_machine == 'aarch64' or platform_machine == 'amd64' or platform_machine == 'ppc64le' or platform_machine == 'win32' or platform_machine == 'x86_64'" },
    { name = "typing-extensions" },
]
sdist = { url = "https://files.pythonhosted.org/packages/1f/73/b4a9737255583b5fa858e0bb8e116eb94b88c910164ed2ed719147bde3de/sqlalchemy-2.0.48.tar.gz", hash = "sha256:5ca74f37f3369b45e1f6b7b06afb182af1fd5dde009e4ffd831830d98cbe5fe7", size = 9886075, upload-time = "2026-03-02T15:28:51.474Z" }
wheels = [
    { url = "https://files.pythonhosted.org/packages/f7/b3/f437eaa1cf028bb3c927172c7272366393e73ccd104dcf5b6963f4ab5318/sqlalchemy-2.0.48-cp314-cp314-macosx_11_0_arm64.whl", hash = "sha256:e2d0d88686e3d35a76f3e15a34e8c12d73fc94c1dea1cd55782e695cc14086dd", size = 2154401, upload-time = "2026-03-02T15:49:17.24Z" },
    { url = "https://files.pythonhosted.org/packages/6c/1c/b3abdf0f402aa3f60f0df6ea53d92a162b458fca2321d8f1f00278506402/sqlalchemy-2.0.48-cp314-cp314-manylinux2014_aarch64.manylinux_2_17_aarch64.manylinux_2_28_aarch64.whl", hash = "sha256:49b7bddc1eebf011ea5ab722fdbe67a401caa34a350d278cc7733c0e88fecb1f", size = 3274528, upload-time = "2026-03-02T15:50:41.489Z" },
    { url = "https://files.pythonhosted.org/packages/f2/5e/327428a034407651a048f5e624361adf3f9fbac9d0fa98e981e9c6ff2f5e/sqlalchemy-2.0.48-cp314-cp314-manylinux2014_x86_64.manylinux_2_17_x86_64.manylinux_2_28_x86_64.whl", hash = "sha256:426c5ca86415d9b8945c7073597e10de9644802e2ff502b8e1f11a7a2642856b", size = 3279523, upload-time = "2026-03-02T15:53:32.962Z" },
    { url = "https://files.pythonhosted.org/packages/2a/ca/ece73c81a918add0965b76b868b7b5359e068380b90ef1656ee995940c02/sqlalchemy-2.0.48-cp314-cp314-musllinux_1_2_aarch64.whl", hash = "sha256:288937433bd44e3990e7da2402fabc44a3c6c25d3704da066b85b89a85474ae0", size = 3224312, upload-time = "2026-03-02T15:50:42.996Z" },
    { url = "https://files.pythonhosted.org/packages/88/11/fbaf1ae91fa4ee43f4fe79661cead6358644824419c26adb004941bdce7c/sqlalchemy-2.0.48-cp314-cp314-musllinux_1_2_x86_64.whl", hash = "sha256:8183dc57ae7d9edc1346e007e840a9f3d6aa7b7f165203a99e16f447150140d2", size = 3246304, upload-time = "2026-03-02T15:53:34.937Z" },
    { url = "https://files.pythonhosted.org/packages/fa/a8/5fb0deb13930b4f2f698c5541ae076c18981173e27dd00376dbaea7a9c82/sqlalchemy-2.0.48-cp314-cp314-win32.whl", hash = "sha256:1182437cb2d97988cfea04cf6cdc0b0bb9c74f4d56ec3d08b81e23d621a28cc6", size = 2116565, upload-time = "2026-03-02T15:54:38.321Z" },
    { url = "https://files.pythonhosted.org/packages/95/7e/e83615cb63f80047f18e61e31e8e32257d39458426c23006deeaf48f463b/sqlalchemy-2.0.48-cp314-cp314-win_amd64.whl", hash = "sha256:144921da96c08feb9e2b052c5c5c1d0d151a292c6135623c6b2c041f2a45f9e0", size = 2142205, upload-time = "2026-03-02T15:54:39.831Z" },
    { url = "https://files.pythonhosted.org/packages/83/e3/69d8711b3f2c5135e9cde5f063bc1605860f0b2c53086d40c04017eb1f77/sqlalchemy-2.0.48-cp314-cp314t-manylinux2014_aarch64.manylinux_2_17_aarch64.manylinux_2_28_aarch64.whl", hash = "sha256:5aee45fd2c6c0f2b9cdddf48c48535e7471e42d6fb81adfde801da0bd5b93241", size = 3563519, upload-time = "2026-03-02T15:57:52.387Z" },
    { url = "https://files.pythonhosted.org/packages/f8/4f/a7cce98facca73c149ea4578981594aaa5fd841e956834931de503359336/sqlalchemy-2.0.48-cp314-cp314t-manylinux2014_x86_64.manylinux_2_17_x86_64.manylinux_2_28_x86_64.whl", hash = "sha256:7cddca31edf8b0653090cbb54562ca027c421c58ddde2c0685f49ff56a1690e0", size = 3528611, upload-time = "2026-03-02T16:04:42.097Z" },
    { url = "https://files.pythonhosted.org/packages/cd/7d/5936c7a03a0b0cb0fa0cc425998821c6029756b0855a8f7ee70fba1de955/sqlalchemy-2.0.48-cp314-cp314t-musllinux_1_2_aarch64.whl", hash = "sha256:7a936f1bb23d370b7c8cc079d5fce4c7d18da87a33c6744e51a93b0f9e97e9b3", size = 3472326, upload-time = "2026-03-02T15:57:54.423Z" },
    { url = "https://files.pythonhosted.org/packages/f4/33/cea7dfc31b52904efe3dcdc169eb4514078887dff1f5ae28a7f4c5d54b3c/sqlalchemy-2.0.48-cp314-cp314t-musllinux_1_2_x86_64.whl", hash = "sha256:e004aa9248e8cb0a5f9b96d003ca7c1c0a5da8decd1066e7b53f59eb8ce7c62b", size = 3478453, upload-time = "2026-03-02T16:04:44.584Z" },
    { url = "https://files.pythonhosted.org/packages/c8/95/32107c4d13be077a9cae61e9ae49966a35dc4bf442a8852dd871db31f62e/sqlalchemy-2.0.48-cp314-cp314t-win32.whl", hash = "sha256:b8438ec5594980d405251451c5b7ea9aa58dda38eb7ac35fb7e4c696712ee24f", size = 2147209, upload-time = "2026-03-02T15:52:54.274Z" },
    { url = "https://files.pythonhosted.org/packages/d2/d7/1e073da7a4bc645eb83c76067284a0374e643bc4be57f14cc6414656f92c/sqlalchemy-2.0.48-cp314-cp314t-win_amd64.whl", hash = "sha256:d854b3970067297f3a7fbd7a4683587134aa9b3877ee15aa29eea478dc68f933", size = 2182198, upload-time = "2026-03-02T15:52:55.606Z" },
    { url = "https://files.pythonhosted.org/packages/46/2c/9664130905f03db57961b8980b05cab624afd114bf2be2576628a9f22da4/sqlalchemy-2.0.48-py3-none-any.whl", hash = "sha256:a66fe406437dd65cacd96a72689a3aaaecaebbcd62d81c5ac1c0fdbeac835096", size = 1940202, upload-time = "2026-03-02T15:52:43.285Z" },
]

[[package]]
name = "typing-extensions"
version = "4.15.0"
source = { registry = "https://pypi.org/simple" }
sdist = { url = "https://files.pythonhosted.org/packages/72/94/1a15dd82efb362ac84269196e94cf00f187f7ed21c242792a923cdb1c61f/typing_extensions-4.15.0.tar.gz", hash = "sha256:0cea48d173cc12fa28ecabc3b837ea3cf6f38c6d1136f85cbaaf598984861466", size = 109391, upload-time = "2025-08-25T13:49:26.313Z" }
wheels = [
    { url = "https://files.pythonhosted.org/packages/18/67/36e9267722cc04a6b9f15c7f3441c2363321a3ea07da7ae0c0707beb2a9c/typing_extensions-4.15.0-py3-none-any.whl", hash = "sha256:f0fa19c6845758ab08074a0cfa8b7aecb71c999ca73d62883bc25cc018c4e548", size = 44614, upload-time = "2025-08-25T13:49:24.86Z" },
]

[[package]]
name = "tzdata"
version = "2025.3"
source = { registry = "https://pypi.org/simple" }
sdist = { url = "https://files.pythonhosted.org/packages/5e/a7/c202b344c5ca7daf398f3b8a477eeb205cf3b6f32e7ec3a6bac0629ca975/tzdata-2025.3.tar.gz", hash = "sha256:de39c2ca5dc7b0344f2eba86f49d614019d29f060fc4ebc8a417896a620b56a7", size = 196772, upload-time = "2025-12-13T17:45:35.667Z" }
wheels = [
    { url = "https://files.pythonhosted.org/packages/c7/b0/003792df09decd6849a5e39c28b513c06e84436a54440380862b5aeff25d/tzdata-2025.3-py2.py3-none-any.whl", hash = "sha256:06a47e5700f3081aab02b2e513160914ff0694bce9947d6b76ebd6bf57cfc5d1", size = 348521, upload-time = "2025-12-13T17:45:33.889Z" },
]

[[package]]
name = "xlrd"
version = "2.0.2"
source = { registry = "https://pypi.org/simple" }
sdist = { url = "https://files.pythonhosted.org/packages/07/5a/377161c2d3538d1990d7af382c79f3b2372e880b65de21b01b1a2b78691e/xlrd-2.0.2.tar.gz", hash = "sha256:08b5e25de58f21ce71dc7db3b3b8106c1fa776f3024c54e45b45b374e89234c9", size = 100167, upload-time = "2025-06-14T08:46:39.039Z" }
wheels = [
    { url = "https://files.pythonhosted.org/packages/1a/62/c8d562e7766786ba6587d09c5a8ba9f718ed3fa8af7f4553e8f91c36f302/xlrd-2.0.2-py2.py3-none-any.whl", hash = "sha256:ea762c3d29f4cca48d82df517b6d89fbce4db3107f9d78713e48cd321d5c9aa9", size = 96555, upload-time = "2025-06-14T08:46:37.766Z" },
]
